// !$*UTF8*$!
{
	archiveVersion = 1;
	classes = {
	};
	objectVersion = 46;
	objects = {

/* Begin PBXBuildFile section */
		6299DD3D1A686C3800BA14D4 /* main.m in Sources */ = {isa = PBXBuildFile; fileRef = 6299DD3C1A686C3800BA14D4 /* main.m */; };
		6299DD401A686C3800BA14D4 /* AppDelegate.m in Sources */ = {isa = PBXBuildFile; fileRef = 6299DD3F1A686C3800BA14D4 /* AppDelegate.m */; };
		6299DD431A686C3800BA14D4 /* RootViewController.m in Sources */ = {isa = PBXBuildFile; fileRef = 6299DD421A686C3800BA14D4 /* RootViewController.m */; };
		6299DD461A686C3800BA14D4 /* Main.storyboard in Resources */ = {isa = PBXBuildFile; fileRef = 6299DD441A686C3800BA14D4 /* Main.storyboard */; };
		6299DD481A686C3800BA14D4 /* Images.xcassets in Resources */ = {isa = PBXBuildFile; fileRef = 6299DD471A686C3800BA14D4 /* Images.xcassets */; };
		6299DD4B1A686C3800BA14D4 /* LaunchScreen.xib in Resources */ = {isa = PBXBuildFile; fileRef = 6299DD491A686C3800BA14D4 /* LaunchScreen.xib */; };
		6299DD571A686C3800BA14D4 /* LionsAndTigersTests.m in Sources */ = {isa = PBXBuildFile; fileRef = 6299DD561A686C3800BA14D4 /* LionsAndTigersTests.m */; };
		6299DD621A686CE200BA14D4 /* TopViewController.m in Sources */ = {isa = PBXBuildFile; fileRef = 6299DD611A686CE200BA14D4 /* TopViewController.m */; };
		6299DD651A686CFA00BA14D4 /* HUBViewController.m in Sources */ = {isa = PBXBuildFile; fileRef = 6299DD641A686CFA00BA14D4 /* HUBViewController.m */; };
/* End PBXBuildFile section */

/* Begin PBXContainerItemProxy section */
		6299DD511A686C3800BA14D4 /* PBXContainerItemProxy */ = {
			isa = PBXContainerItemProxy;
			containerPortal = 6299DD2F1A686C3800BA14D4 /* Project object */;
			proxyType = 1;
			remoteGlobalIDString = 6299DD361A686C3800BA14D4;
			remoteInfo = LionsAndTigers;
		};
/* End PBXContainerItemProxy section */

/* Begin PBXFileReference section */
		6299DD371A686C3800BA14D4 /* LionsAndTigers.app */ = {isa = PBXFileReference; explicitFileType = wrapper.application; includeInIndex = 0; path = LionsAndTigers.app; sourceTree = BUILT_PRODUCTS_DIR; };
		6299DD3B1A686C3800BA14D4 /* Info.plist */ = {isa = PBXFileReference; lastKnownFileType = text.plist.xml; path = Info.plist; sourceTree = "<group>"; };
		6299DD3C1A686C3800BA14D4 /* main.m */ = {isa = PBXFileReference; lastKnownFileType = sourcecode.c.objc; path = main.m; sourceTree = "<group>"; };
		6299DD3E1A686C3800BA14D4 /* AppDelegate.h */ = {isa = PBXFileReference; lastKnownFileType = sourcecode.c.h; path = AppDelegate.h; sourceTree = "<group>"; };
		6299DD3F1A686C3800BA14D4 /* AppDelegate.m */ = {isa = PBXFileReference; lastKnownFileType = sourcecode.c.objc; path = AppDelegate.m; sourceTree = "<group>"; };
		6299DD411A686C3800BA14D4 /* RootViewController.h */ = {isa = PBXFileReference; lastKnownFileType = sourcecode.c.h; path = RootViewController.h; sourceTree = "<group>"; };
		6299DD421A686C3800BA14D4 /* RootViewController.m */ = {isa = PBXFileReference; lastKnownFileType = sourcecode.c.objc; path = RootViewController.m; sourceTree = "<group>"; };
		6299DD451A686C3800BA14D4 /* Base */ = {isa = PBXFileReference; lastKnownFileType = file.storyboard; name = Base; path = Base.lproj/Main.storyboard; sourceTree = "<group>"; };
		6299DD471A686C3800BA14D4 /* Images.xcassets */ = {isa = PBXFileReference; lastKnownFileType = folder.assetcatalog; path = Images.xcassets; sourceTree = "<group>"; };
		6299DD4A1A686C3800BA14D4 /* Base */ = {isa = PBXFileReference; lastKnownFileType = file.xib; name = Base; path = Base.lproj/LaunchScreen.xib; sourceTree = "<group>"; };
		6299DD501A686C3800BA14D4 /* LionsAndTigersTests.xctest */ = {isa = PBXFileReference; explicitFileType = wrapper.cfbundle; includeInIndex = 0; path = LionsAndTigersTests.xctest; sourceTree = BUILT_PRODUCTS_DIR; };
		6299DD551A686C3800BA14D4 /* Info.plist */ = {isa = PBXFileReference; lastKnownFileType = text.plist.xml; path = Info.plist; sourceTree = "<group>"; };
		6299DD561A686C3800BA14D4 /* LionsAndTigersTests.m */ = {isa = PBXFileReference; lastKnownFileType = sourcecode.c.objc; path = LionsAndTigersTests.m; sourceTree = "<group>"; };
		6299DD601A686CE200BA14D4 /* TopViewController.h */ = {isa = PBXFileReference; fileEncoding = 4; lastKnownFileType = sourcecode.c.h; path = TopViewController.h; sourceTree = "<group>"; };
		6299DD611A686CE200BA14D4 /* TopViewController.m */ = {isa = PBXFileReference; fileEncoding = 4; lastKnownFileType = sourcecode.c.objc; path = TopViewController.m; sourceTree = "<group>"; };
		6299DD631A686CFA00BA14D4 /* HUBViewController.h */ = {isa = PBXFileReference; fileEncoding = 4; lastKnownFileType = sourcecode.c.h; path = HUBViewController.h; sourceTree = "<group>"; };
		6299DD641A686CFA00BA14D4 /* HUBViewController.m */ = {isa = PBXFileReference; fileEncoding = 4; lastKnownFileType = sourcecode.c.objc; path = HUBViewController.m; sourceTree = "<group>"; };
/* End PBXFileReference section */

/* Begin PBXFrameworksBuildPhase section */
		6299DD341A686C3800BA14D4 /* Frameworks */ = {
			isa = PBXFrameworksBuildPhase;
			buildActionMask = 2147483647;
			files = (
			);
			runOnlyForDeploymentPostprocessing = 0;
		};
		6299DD4D1A686C3800BA14D4 /* Frameworks */ = {
			isa = PBXFrameworksBuildPhase;
			buildActionMask = 2147483647;
			files = (
			);
			runOnlyForDeploymentPostprocessing = 0;
		};
/* End PBXFrameworksBuildPhase section */

/* Begin PBXGroup section */
		6299DD2E1A686C3800BA14D4 = {
			isa = PBXGroup;
			children = (
				6299DD391A686C3800BA14D4 /* LionsAndTigers */,
				6299DD531A686C3800BA14D4 /* LionsAndTigersTests */,
				6299DD381A686C3800BA14D4 /* Products */,
			);
			sourceTree = "<group>";
		};
		6299DD381A686C3800BA14D4 /* Products */ = {
			isa = PBXGroup;
			children = (
				6299DD371A686C3800BA14D4 /* LionsAndTigers.app */,
				6299DD501A686C3800BA14D4 /* LionsAndTigersTests.xctest */,
			);
			name = Products;
			sourceTree = "<group>";
		};
		6299DD391A686C3800BA14D4 /* LionsAndTigers */ = {
			isa = PBXGroup;
			children = (
				6299DD3E1A686C3800BA14D4 /* AppDelegate.h */,
				6299DD3F1A686C3800BA14D4 /* AppDelegate.m */,
				6299DD411A686C3800BA14D4 /* RootViewController.h */,
				6299DD421A686C3800BA14D4 /* RootViewController.m */,
				6299DD441A686C3800BA14D4 /* Main.storyboard */,
				6299DD601A686CE200BA14D4 /* TopViewController.h */,
				6299DD611A686CE200BA14D4 /* TopViewController.m */,
				6299DD631A686CFA00BA14D4 /* HUBViewController.h */,
				6299DD641A686CFA00BA14D4 /* HUBViewController.m */,
				6299DD471A686C3800BA14D4 /* Images.xcassets */,
				6299DD491A686C3800BA14D4 /* LaunchScreen.xib */,
				6299DD3A1A686C3800BA14D4 /* Supporting Files */,
			);
			path = LionsAndTigers;
			sourceTree = "<group>";
		};
		6299DD3A1A686C3800BA14D4 /* Supporting Files */ = {
			isa = PBXGroup;
			children = (
				6299DD3B1A686C3800BA14D4 /* Info.plist */,
				6299DD3C1A686C3800BA14D4 /* main.m */,
			);
			name = "Supporting Files";
			sourceTree = "<group>";
		};
		6299DD531A686C3800BA14D4 /* LionsAndTigersTests */ = {
			isa = PBXGroup;
			children = (
				6299DD561A686C3800BA14D4 /* LionsAndTigersTests.m */,
				6299DD541A686C3800BA14D4 /* Supporting Files */,
			);
			path = LionsAndTigersTests;
			sourceTree = "<group>";
		};
		6299DD541A686C3800BA14D4 /* Supporting Files */ = {
			isa = PBXGroup;
			children = (
				6299DD551A686C3800BA14D4 /* Info.plist */,
			);
			name = "Supporting Files";
			sourceTree = "<group>";
		};
/* End PBXGroup section */

/* Begin PBXNativeTarget section */
		6299DD361A686C3800BA14D4 /* LionsAndTigers */ = {
			isa = PBXNativeTarget;
			buildConfigurationList = 6299DD5A1A686C3800BA14D4 /* Build configuration list for PBXNativeTarget "LionsAndTigers" */;
			buildPhases = (
				6299DD331A686C3800BA14D4 /* Sources */,
				6299DD341A686C3800BA14D4 /* Frameworks */,
				6299DD351A686C3800BA14D4 /* Resources */,
			);
			buildRules = (
			);
			dependencies = (
			);
			name = LionsAndTigers;
			productName = LionsAndTigers;
			productReference = 6299DD371A686C3800BA14D4 /* LionsAndTigers.app */;
			productType = "com.apple.product-type.application";
		};
		6299DD4F1A686C3800BA14D4 /* LionsAndTigersTests */ = {
			isa = PBXNativeTarget;
			buildConfigurationList = 6299DD5D1A686C3800BA14D4 /* Build configuration list for PBXNativeTarget "LionsAndTigersTests" */;
			buildPhases = (
				6299DD4C1A686C3800BA14D4 /* Sources */,
				6299DD4D1A686C3800BA14D4 /* Frameworks */,
				6299DD4E1A686C3800BA14D4 /* Resources */,
			);
			buildRules = (
			);
			dependencies = (
				6299DD521A686C3800BA14D4 /* PBXTargetDependency */,
			);
			name = LionsAndTigersTests;
			productName = LionsAndTigersTests;
			productReference = 6299DD501A686C3800BA14D4 /* LionsAndTigersTests.xctest */;
			productType = "com.apple.product-type.bundle.unit-test";
		};
/* End PBXNativeTarget section */

/* Begin PBXProject section */
		6299DD2F1A686C3800BA14D4 /* Project object */ = {
			isa = PBXProject;
			attributes = {
				LastUpgradeCheck = 0610;
				ORGANIZATIONNAME = "Mary Jenel Myers";
				TargetAttributes = {
					6299DD361A686C3800BA14D4 = {
						CreatedOnToolsVersion = 6.1.1;
					};
					6299DD4F1A686C3800BA14D4 = {
						CreatedOnToolsVersion = 6.1.1;
						TestTargetID = 6299DD361A686C3800BA14D4;
					};
				};
			};
			buildConfigurationList = 6299DD321A686C3800BA14D4 /* Build configuration list for PBXProject "LionsAndTigers" */;
			compatibilityVersion = "Xcode 3.2";
			developmentRegion = English;
			hasScannedForEncodings = 0;
			knownRegions = (
				en,
				Base,
			);
			mainGroup = 6299DD2E1A686C3800BA14D4;
			productRefGroup = 6299DD381A686C3800BA14D4 /* Products */;
			projectDirPath = "";
			projectRoot = "";
			targets = (
				6299DD361A686C3800BA14D4 /* LionsAndTigers */,
				6299DD4F1A686C3800BA14D4 /* LionsAndTigersTests */,
			);
		};
/* End PBXProject section */

/* Begin PBXResourcesBuildPhase section */
		6299DD351A686C3800BA14D4 /* Resources */ = {
			isa = PBXResourcesBuildPhase;
			buildActionMask = 2147483647;
			files = (
				6299DD461A686C3800BA14D4 /* Main.storyboard in Resources */,
				6299DD4B1A686C3800BA14D4 /* LaunchScreen.xib in Resources */,
				6299DD481A686C3800BA14D4 /* Images.xcassets in Resources */,
			);
			runOnlyForDeploymentPostprocessing = 0;
		};
		6299DD4E1A686C3800BA14D4 /* Resources */ = {
			isa = PBXResourcesBuildPhase;
			buildActionMask = 2147483647;
			files = (
			);
			runOnlyForDeploymentPostprocessing = 0;
		};
/* End PBXResourcesBuildPhase section */

/* Begin PBXSourcesBuildPhase section */
		6299DD331A686C3800BA14D4 /* Sources */ = {
			isa = PBXSourcesBuildPhase;
			buildActionMask = 2147483647;
			files = (
				6299DD621A686CE200BA14D4 /* TopViewController.m in Sources */,
				6299DD431A686C3800BA14D4 /* RootViewController.m in Sources */,
				6299DD651A686CFA00BA14D4 /* HUBViewController.m in Sources */,
				6299DD401A686C3800BA14D4 /* AppDelegate.m in Sources */,
				6299DD3D1A686C3800BA14D4 /* main.m in Sources */,
			);
			runOnlyForDeploymentPostprocessing = 0;
		};
		6299DD4C1A686C3800BA14D4 /* Sources */ = {
			isa = PBXSourcesBuildPhase;
			buildActionMask = 2147483647;
			files = (
				6299DD571A686C3800BA14D4 /* LionsAndTigersTests.m in Sources */,
			);
			runOnlyForDeploymentPostprocessing = 0;
		};
/* End PBXSourcesBuildPhase section */

/* Begin PBXTargetDependency section */
		6299DD521A686C3800BA14D4 /* PBXTargetDependency */ = {
			isa = PBXTargetDependency;
			target = 6299DD361A686C3800BA14D4 /* LionsAndTigers */;
			targetProxy = 6299DD511A686C3800BA14D4 /* PBXContainerItemProxy */;
		};
/* End PBXTargetDependency section */

/* Begin PBXVariantGroup section */
		6299DD441A686C3800BA14D4 /* Main.storyboard */ = {
			isa = PBXVariantGroup;
			children = (
				6299DD451A686C3800BA14D4 /* Base */,
			);
			name = Main.storyboard;
			sourceTree = "<group>";
		};
		6299DD491A686C3800BA14D4 /* LaunchScreen.xib */ = {
			isa = PBXVariantGroup;
			children = (
				6299DD4A1A686C3800BA14D4 /* Base */,
			);
			name = LaunchScreen.xib;
			sourceTree = "<group>";
		};
/* End PBXVariantGroup section */

/* Begin XCBuildConfiguration section */
		6299DD581A686C3800BA14D4 /* Debug */ = {
			isa = XCBuildConfiguration;
			buildSettings = {
				ALWAYS_SEARCH_USER_PATHS = NO;
				CLANG_CXX_LANGUAGE_STANDARD = "gnu++0x";
				CLANG_CXX_LIBRARY = "libc++";
				CLANG_ENABLE_MODULES = YES;
				CLANG_ENABLE_OBJC_ARC = YES;
				CLANG_WARN_BOOL_CONVERSION = YES;
				CLANG_WARN_CONSTANT_CONVERSION = YES;
				CLANG_WARN_DIRECT_OBJC_ISA_USAGE = YES_ERROR;
				CLANG_WARN_EMPTY_BODY = YES;
				CLANG_WARN_ENUM_CONVERSION = YES;
				CLANG_WARN_INT_CONVERSION = YES;
				CLANG_WARN_OBJC_ROOT_CLASS = YES_ERROR;
				CLANG_WARN_UNREACHABLE_CODE = YES;
				CLANG_WARN__DUPLICATE_METHOD_MATCH = YES;
				"CODE_SIGN_IDENTITY[sdk=iphoneos*]" = "iPhone Developer";
				COPY_PHASE_STRIP = NO;
				ENABLE_STRICT_OBJC_MSGSEND = YES;
				GCC_C_LANGUAGE_STANDARD = gnu99;
				GCC_DYNAMIC_NO_PIC = NO;
				GCC_OPTIMIZATION_LEVEL = 0;
				GCC_PREPROCESSOR_DEFINITIONS = (
					"DEBUG=1",
					"$(inherited)",
				);
				GCC_SYMBOLS_PRIVATE_EXTERN = NO;
				GCC_WARN_64_TO_32_BIT_CONVERSION = YES;
				GCC_WARN_ABOUT_RETURN_TYPE = YES_ERROR;
				GCC_WARN_UNDECLARED_SELECTOR = YES;
				GCC_WARN_UNINITIALIZED_AUTOS = YES_AGGRESSIVE;
				GCC_WARN_UNUSED_FUNCTION = YES;
				GCC_WARN_UNUSED_VARIABLE = YES;
				IPHONEOS_DEPLOYMENT_TARGET = 8.1;
				MTL_ENABLE_DEBUG_INFO = YES;
				ONLY_ACTIVE_ARCH = YES;
				SDKROOT = iphoneos;
			};
			name = Debug;
		};
		6299DD591A686C3800BA14D4 /* Release */ = {
			isa = XCBuildConfiguration;
			buildSettings = {
				ALWAYS_SEARCH_USER_PATHS = NO;
				CLANG_CXX_LANGUAGE_STANDARD = "gnu++0x";
				CLANG_CXX_LIBRARY = "libc++";
				CLANG_ENABLE_MODULES = YES;
				CLANG_ENABLE_OBJC_ARC = YES;
				CLANG_WARN_BOOL_CONVERSION = YES;
				CLANG_WARN_CONSTANT_CONVERSION = YES;
				CLANG_WARN_DIRECT_OBJC_ISA_USAGE = YES_ERROR;
				CLANG_WARN_EMPTY_BODY = YES;
				CLANG_WARN_ENUM_CONVERSION = YES;
				CLANG_WARN_INT_CONVERSION = YES;
				CLANG_WARN_OBJC_ROOT_CLASS = YES_ERROR;
				CLANG_WARN_UNREACHABLE_CODE = YES;
				CLANG_WARN__DUPLICATE_METHOD_MATCH = YES;
				"CODE_SIGN_IDENTITY[sdk=iphoneos*]" = "iPhone Developer";
				COPY_PHASE_STRIP = YES;
				ENABLE_NS_ASSERTIONS = NO;
				ENABLE_STRICT_OBJC_MSGSEND = YES;
				GCC_C_LANGUAGE_STANDARD = gnu99;
				GCC_WARN_64_TO_32_BIT_CONVERSION = YES;
				GCC_WARN_ABOUT_RETURN_TYPE = YES_ERROR;
				GCC_WARN_UNDECLARED_SELECTOR = YES;
				GCC_WARN_UNINITIALIZED_AUTOS = YES_AGGRESSIVE;
				GCC_WARN_UNUSED_FUNCTION = YES;
				GCC_WARN_UNUSED_VARIABLE = YES;
				IPHONEOS_DEPLOYMENT_TARGET = 8.1;
				MTL_ENABLE_DEBUG_INFO = NO;
				SDKROOT = iphoneos;
				VALIDATE_PRODUCT = YES;
			};
			name = Release;
		};
		6299DD5B1A686C3800BA14D4 /* Debug */ = {
			isa = XCBuildConfiguration;
			buildSettings = {
				ASSETCATALOG_COMPILER_APPICON_NAME = AppIcon;
				INFOPLIST_FILE = LionsAndTigers/Info.plist;
				LD_RUNPATH_SEARCH_PATHS = "$(inherited) @executable_path/Frameworks";
				PRODUCT_NAME = "$(TARGET_NAME)";
			};
			name = Debug;
		};
		6299DD5C1A686C3800BA14D4 /* Release */ = {
			isa = XCBuildConfiguration;
			buildSettings = {
				ASSETCATALOG_COMPILER_APPICON_NAME = AppIcon;
				INFOPLIST_FILE = LionsAndTigers/Info.plist;
				LD_RUNPATH_SEARCH_PATHS = "$(inherited) @executable_path/Frameworks";
				PRODUCT_NAME = "$(TARGET_NAME)";
			};
			name = Release;
		};
		6299DD5E1A686C3800BA14D4 /* Debug */ = {
			isa = XCBuildConfiguration;
			buildSettings = {
				BUNDLE_LOADER = "$(TEST_HOST)";
				FRAMEWORK_SEARCH_PATHS = (
					"$(SDKROOT)/Developer/Library/Frameworks",
					"$(inherited)",
				);
				GCC_PREPROCESSOR_DEFINITIONS = (
					"DEBUG=1",
					"$(inherited)",
				);
				INFOPLIST_FILE = LionsAndTigersTests/Info.plist;
				LD_RUNPATH_SEARCH_PATHS = "$(inherited) @executable_path/Frameworks @loader_path/Frameworks";
				PRODUCT_NAME = "$(TARGET_NAME)";
				TEST_HOST = "$(BUILT_PRODUCTS_DIR)/LionsAndTigers.app/LionsAndTigers";
			};
			name = Debug;
		};
		6299DD5F1A686C3800BA14D4 /* Release */ = {
			isa = XCBuildConfiguration;
			buildSettings = {
				BUNDLE_LOADER = "$(TEST_HOST)";
				FRAMEWORK_SEARCH_PATHS = (
					"$(SDKROOT)/Developer/Library/Frameworks",
					"$(inherited)",
				);
				INFOPLIST_FILE = LionsAndTigersTests/Info.plist;
				LD_RUNPATH_SEARCH_PATHS = "$(inherited) @executable_path/Frameworks @loader_path/Frameworks";
				PRODUCT_NAME = "$(TARGET_NAME)";
				TEST_HOST = "$(BUILT_PRODUCTS_DIR)/LionsAndTigers.app/LionsAndTigers";
			};
			name = Release;
		};
/* End XCBuildConfiguration section */

/* Begin XCConfigurationList section */
		6299DD321A686C3800BA14D4 /* Build configuration list for PBXProject "LionsAndTigers" */ = {
			isa = XCConfigurationList;
			buildConfigurations = (
				6299DD581A686C3800BA14D4 /* Debug */,
				6299DD591A686C3800BA14D4 /* Release */,
			);
			defaultConfigurationIsVisible = 0;
			defaultConfigurationName = Release;
		};
		6299DD5A1A686C3800BA14D4 /* Build configuration list for PBXNativeTarget "LionsAndTigers" */ = {
			isa = XCConfigurationList;
			buildConfigurations = (
				6299DD5B1A686C3800BA14D4 /* Debug */,
				6299DD5C1A686C3800BA14D4 /* Release */,
			);
			defaultConfigurationIsVisible = 0;
		};
		6299DD5D1A686C3800BA14D4 /* Build configuration list for PBXNativeTarget "LionsAndTigersTests" */ = {
			isa = XCConfigurationList;
			buildConfigurations = (
				6299DD5E1A686C3800BA14D4 /* Debug */,
				6299DD5F1A686C3800BA14D4 /* Release */,
			);
			defaultConfigurationIsVisible = 0;
		};
/* End XCConfigurationList section */
	};
	rootObject = 6299DD2F1A686C3800BA14D4 /* Project object */;
}
